
Microsoft Visual Studio Solution File, Format Version 12.00
# Visual Studio Version 17
VisualStudioVersion = 17.11.35312.102
MinimumVisualStudioVersion = 10.0.40219.1
Project("{FAE04EC0-301F-11D3-BF4B-00C04F79EFBC}") = "CLient giao dien do hoa", "CLient giao dien do hoa\CLient giao dien do hoa.csproj", "{C05CDEB0-B16D-4B04-B62E-A16B4F9DF39A}"
EndProject
Global
	GlobalSection(SolutionConfigurationPlatforms) = preSolution
		Debug|Any CPU = Debug|Any CPU
		Release|Any CPU = Release|Any CPU
	EndGlobalSection
	GlobalSection(ProjectConfigurationPlatforms) = postSolution
		{C05CDEB0-B16D-4B04-B62E-A16B4F9DF39A}.Debug|Any CPU.ActiveCfg = Debug|Any CPU
		{C05CDEB0-B16D-4B04-B62E-A16B4F9DF39A}.Debug|Any CPU.Build.0 = Debug|Any CPU
		{C05CDEB0-B16D-4B04-B62E-A16B4F9DF39A}.Release|Any CPU.ActiveCfg = Release|Any CPU
		{C05CDEB0-B16D-4B04-B62E-A16B4F9DF39A}.Release|Any CPU.Build.0 = Release|Any CPU
	EndGlobalSection
	GlobalSection(SolutionProperties) = preSolution
		HideSolutionNode = FALSE
	EndGlobalSection
	GlobalSection(ExtensibilityGlobals) = postSolution
		SolutionGuid = {8829F539-3888-4FC7-B900-6A6CE2FDA6FD}
	EndGlobalSection
EndGlobal
